
Microsoft Visual Studio Solution File, Format Version 12.00
# Visual Studio 15
VisualStudioVersion = 15.0.27428.2037
MinimumVisualStudioVersion = 10.0.40219.1
Project("{FAE04EC0-301F-11D3-BF4B-00C04F79EFBC}") = "PowershellUtil", "PowershellUtil\PowershellUtil.csproj", "{51526E92-BF81-4A5F-80CC-8E20CF354D45}"
EndProject
Project("{FAE04EC0-301F-11D3-BF4B-00C04F79EFBC}") = "PowershellUtil.Tests", "PowershellUtil.Tests\PowershellUtil.Tests.csproj", "{41716BBA-F3B9-43B0-9BE1-340CF5BE3999}"
EndProject
Project("{F184B08F-C81C-45F6-A57F-5ABD9991F28F}") = "PSTerminalService", "PSTerminalService\PSTerminalService.vbproj", "{4F130506-39B2-4327-8CD7-C8C5F8ABC11B}"
EndProject
Global
	GlobalSection(SolutionConfigurationPlatforms) = preSolution
		Debug|Any CPU = Debug|Any CPU
		Release|Any CPU = Release|Any CPU
	EndGlobalSection
	GlobalSection(ProjectConfigurationPlatforms) = postSolution
		{51526E92-BF81-4A5F-80CC-8E20CF354D45}.Debug|Any CPU.ActiveCfg = Debug|Any CPU
		{51526E92-BF81-4A5F-80CC-8E20CF354D45}.Debug|Any CPU.Build.0 = Debug|Any CPU
		{51526E92-BF81-4A5F-80CC-8E20CF354D45}.Release|Any CPU.ActiveCfg = Release|Any CPU
		{51526E92-BF81-4A5F-80CC-8E20CF354D45}.Release|Any CPU.Build.0 = Release|Any CPU
		{41716BBA-F3B9-43B0-9BE1-340CF5BE3999}.Debug|Any CPU.ActiveCfg = Debug|Any CPU
		{41716BBA-F3B9-43B0-9BE1-340CF5BE3999}.Debug|Any CPU.Build.0 = Debug|Any CPU
		{41716BBA-F3B9-43B0-9BE1-340CF5BE3999}.Release|Any CPU.ActiveCfg = Release|Any CPU
		{41716BBA-F3B9-43B0-9BE1-340CF5BE3999}.Release|Any CPU.Build.0 = Release|Any CPU
		{4F130506-39B2-4327-8CD7-C8C5F8ABC11B}.Debug|Any CPU.ActiveCfg = Debug|Any CPU
		{4F130506-39B2-4327-8CD7-C8C5F8ABC11B}.Debug|Any CPU.Build.0 = Debug|Any CPU
		{4F130506-39B2-4327-8CD7-C8C5F8ABC11B}.Release|Any CPU.ActiveCfg = Release|Any CPU
		{4F130506-39B2-4327-8CD7-C8C5F8ABC11B}.Release|Any CPU.Build.0 = Release|Any CPU
	EndGlobalSection
	GlobalSection(SolutionProperties) = preSolution
		HideSolutionNode = FALSE
	EndGlobalSection
	GlobalSection(ExtensibilityGlobals) = postSolution
		SolutionGuid = {CAD7CA38-06D4-4E7F-ACFB-FCC2AF03DA90}
	EndGlobalSection
EndGlobal
